{
  "version": 4,
  "terraform_version": "0.12.0",
  "serial": 61,
  "lineage": "67c690d7-0273-c026-c511-74a3fcc9fcfd",
  "outputs": {},
  "resources": [
    {
      "mode": "managed",
      "type": "google_compute_network",
      "name": "pet_app",
      "provider": "provider.google",
      "instances": [
        {
          "schema_version": 0,
          "attributes": {
            "auto_create_subnetworks": false,
            "delete_default_routes_on_create": false,
            "description": "The VPC to be created for the pet-app project",
            "gateway_ipv4": "",
            "id": "projects/pet-app-308310/global/networks/pet-app",
            "mtu": 0,
            "name": "pet-app",
            "project": "pet-app-308310",
            "routing_mode": "REGIONAL",
            "self_link": "https://www.googleapis.com/compute/v1/projects/pet-app-308310/global/networks/pet-app",
            "timeouts": null
          }
        }
      ]
    },
    {
      "mode": "managed",
      "type": "google_compute_subnetwork",
      "name": "pet_app",
      "provider": "provider.google",
      "instances": [
        {
          "schema_version": 0,
          "attributes": {
            "creation_timestamp": "2021-03-21T08:21:12.718-07:00",
            "description": "",
            "fingerprint": null,
            "gateway_address": "10.0.0.1",
            "id": "projects/pet-app-308310/regions/europe-west2/subnetworks/pet-app",
            "ip_cidr_range": "10.0.0.0/29",
            "log_config": [],
            "name": "pet-app",
            "network": "https://www.googleapis.com/compute/v1/projects/pet-app-308310/global/networks/pet-app",
            "private_ip_google_access": false,
            "private_ipv6_google_access": "DISABLE_GOOGLE_ACCESS",
            "project": "pet-app-308310",
            "region": "europe-west2",
            "secondary_ip_range": [],
            "self_link": "https://www.googleapis.com/compute/v1/projects/pet-app-308310/regions/europe-west2/subnetworks/pet-app",
            "timeouts": null
          },
          "depends_on": [
            "google_compute_network.pet_app"
          ]
        }
      ]
    },
    {
      "mode": "managed",
      "type": "google_container_cluster",
      "name": "pet_app",
      "provider": "provider.google",
      "instances": [
        {
          "schema_version": 1,
          "attributes": {
            "addons_config": [
              {
                "cloudrun_config": [],
                "horizontal_pod_autoscaling": [],
                "http_load_balancing": [],
                "network_policy_config": [
                  {
                    "disabled": true
                  }
                ]
              }
            ],
            "authenticator_groups_config": [],
            "cluster_autoscaling": [
              {
                "auto_provisioning_defaults": [],
                "enabled": false,
                "resource_limits": []
              }
            ],
            "cluster_ipv4_cidr": "10.252.0.0/14",
            "database_encryption": [
              {
                "key_name": "",
                "state": "DECRYPTED"
              }
            ],
            "datapath_provider": "",
            "default_max_pods_per_node": null,
            "default_snat_status": [
              {
                "disabled": false
              }
            ],
            "description": "",
            "enable_binary_authorization": false,
            "enable_intranode_visibility": false,
            "enable_kubernetes_alpha": false,
            "enable_legacy_abac": false,
            "enable_shielded_nodes": false,
            "enable_tpu": false,
            "endpoint": "35.234.158.188",
            "id": "projects/pet-app-308310/locations/europe-west2-a/clusters/pet-app",
            "initial_node_count": 1,
            "instance_group_urls": [],
            "ip_allocation_policy": [],
            "label_fingerprint": "a9dc16a7",
            "location": "europe-west2-a",
            "logging_service": "logging.googleapis.com/kubernetes",
            "maintenance_policy": [],
            "master_auth": [
              {
                "client_certificate": "",
                "client_certificate_config": [
                  {
                    "issue_client_certificate": false
                  }
                ],
                "client_key": "",
                "cluster_ca_certificate": "LS0tLS1CRUdJTiBDRVJUSUZJQ0FURS0tLS0tCk1JSURLekNDQWhPZ0F3SUJBZ0lSQU81c3BGS2pkMTZnSkYxdUw3OGdoand3RFFZSktvWklodmNOQVFFTEJRQXcKTHpFdE1Dc0dBMVVFQXhNa09EUm1OakZoT1RjdE1qZG1NQzAwT0RNNUxUbGhOemN0WVRrMk5XUTNNR1l4WkdabQpNQjRYRFRJeE1ETXlNVEUwTWpFek1Gb1hEVEkyTURNeU1ERTFNakV6TUZvd0x6RXRNQ3NHQTFVRUF4TWtPRFJtCk5qRmhPVGN0TWpkbU1DMDBPRE01TFRsaE56Y3RZVGsyTldRM01HWXhaR1ptTUlJQklqQU5CZ2txaGtpRzl3MEIKQVFFRkFBT0NBUThBTUlJQkNnS0NBUUVBMFMyMmd0NUNCWk1uS1lMOGJ0cGVhbUVRNTM1QnRWTTBoTFp2ellKQwpzb0djeXVLRHFmL0YyVWJ3SmMvMkRmOFYvNnVPM1lTNmpyWm1KbDR3RmJxTWlIZHlNcmY0WllsVjZvNWJqbzloCnJkOXVzdmR5aEsxOFpEYWVKajljckd0VmU1UEVRZVFNVzJNS0NPUFcxTVJyb2pNbTQ5U0NZays2Ym4xa2ZVM0QKa1BYb012YVR5MlM1LytUK0NXTUF6S3RVbGNNNFM2NUxTLzFhTTROK0g1ZGwxdkF4d1ZFQVRWNHdEOEVWbXhmSgp5cm1PQkprVE5KZndRS0RtUDVnZWl1eEMzK0JXYm5rZ2JPdnFjTjhtQ3JkRmZFUjAzMTFTMk44Q1ozZmFzSTV3ClpudmNIaUcvMEN5dlFiRjlSZGh5blNvbGw2ckE2QVBKcElkeTM2WU5vVW1RMlFJREFRQUJvMEl3UURBT0JnTlYKSFE4QkFmOEVCQU1DQWdRd0R3WURWUjBUQVFIL0JBVXdBd0VCL3pBZEJnTlZIUTRFRmdRVVFvcGViamorN2grVgpwczd2UDcxUVdBaXAvU0l3RFFZSktvWklodmNOQVFFTEJRQURnZ0VCQUJHc2NVVjBnL25ZQ3hxWWVLREtmSnMwClR6UTVzYlg5YXFFR21CK0lNRlhJSGFKdjBieXBnTW1pVi83ejBJZHVadUJJTmZPNEdRZGRtczN6Z2xnK0VpSmIKUm9pMVhuYUtmZVVKSkFEVDJGZUhrTkVSYlYvRklGTCt4ZmRicUo0R3FtT1RKWGV2SkxFWERiSE9DUUxHbDRKSQo5MmJldzNrZ3N3T3hadkwvUHBvMENWR0hDYzl5N2lRRUJhdFhYMXVBajFvd2hnQ01RQkVlVUNGdHdyZUlsNGl0CnB1Y3lmcU9IMkpRSG8wV3V1NGdhUURMMDlKcEJJL3FOUHp2TGtLNHloR0xZSldEYk10ZW9wNElJSlluOGhqbnUKbVBWdW9zeWNKOUlGVXlpakQvZDVPMjIrRncvazNMT1ZzdWh3TS95NnJHV2EwSTQzTk9GcUxJWURmeXFCY1ZRPQotLS0tLUVORCBDRVJUSUZJQ0FURS0tLS0tCg==",
                "password": "",
                "username": ""
              }
            ],
            "master_authorized_networks_config": [],
            "master_version": "1.18.12-gke.1210",
            "min_master_version": null,
            "monitoring_service": "monitoring.googleapis.com/kubernetes",
            "name": "pet-app",
            "network": "projects/pet-app-308310/global/networks/pet-app",
            "network_policy": [
              {
                "enabled": false,
                "provider": "PROVIDER_UNSPECIFIED"
              }
            ],
            "node_config": [],
            "node_locations": [],
            "node_pool": [],
            "node_version": "1.18.12-gke.1210",
            "operation": null,
            "pod_security_policy_config": [],
            "private_cluster_config": [],
            "project": "pet-app-308310",
            "release_channel": [
              {
                "channel": "REGULAR"
              }
            ],
            "remove_default_node_pool": true,
            "resource_labels": null,
            "resource_usage_export_config": [],
            "self_link": "https://container.googleapis.com/v1beta1/projects/pet-app-308310/zones/europe-west2-a/clusters/pet-app",
            "services_ipv4_cidr": "10.255.240.0/20",
            "subnetwork": "projects/pet-app-308310/regions/europe-west2/subnetworks/pet-app",
            "timeouts": null,
            "tpu_ipv4_cidr_block": "",
            "vertical_pod_autoscaling": [],
            "workload_identity_config": []
          },
          "depends_on": [
            "google_compute_network.pet_app",
            "google_compute_subnetwork.pet_app"
          ]
        }
      ]
    },
    {
      "mode": "managed",
      "type": "google_container_node_pool",
      "name": "pet_app",
      "provider": "provider.google",
      "instances": [
        {
          "schema_version": 1,
          "attributes": {
            "autoscaling": [],
            "cluster": "pet-app",
            "id": "projects/pet-app-308310/locations/europe-west2-a/clusters/pet-app/nodePools/pet-app",
            "initial_node_count": 1,
            "instance_group_urls": [
              "https://www.googleapis.com/compute/v1/projects/pet-app-308310/zones/europe-west2-a/instanceGroupManagers/gke-pet-app-pet-app-54be57d2-grp"
            ],
            "location": "europe-west2-a",
            "management": [
              {
                "auto_repair": true,
                "auto_upgrade": true
              }
            ],
            "max_pods_per_node": null,
            "name": "pet-app",
            "name_prefix": "",
            "node_config": [
              {
                "disk_size_gb": 100,
                "disk_type": "pd-standard",
                "guest_accelerator": [],
                "image_type": "COS",
                "labels": {},
                "local_ssd_count": 0,
                "machine_type": "n1-standard-1",
                "metadata": {
                  "disable-legacy-endpoints": "true"
                },
                "min_cpu_platform": "",
                "oauth_scopes": [
                  "https://www.googleapis.com/auth/cloud-platform"
                ],
                "preemptible": false,
                "service_account": "k8s-service-account@pet-app-308310.iam.gserviceaccount.com",
                "shielded_instance_config": [
                  {
                    "enable_integrity_monitoring": true,
                    "enable_secure_boot": false
                  }
                ],
                "tags": null,
                "taint": [],
                "workload_metadata_config": []
              }
            ],
            "node_count": 1,
            "node_locations": [
              "europe-west2-a"
            ],
            "operation": null,
            "project": "pet-app-308310",
            "timeouts": null,
            "upgrade_settings": [
              {
                "max_surge": 1,
                "max_unavailable": 0
              }
            ],
            "version": "1.18.12-gke.1210"
          },
          "depends_on": [
            "google_container_cluster.pet_app",
            "google_service_account.k8s"
          ]
        }
      ]
    },
    {
      "mode": "managed",
      "type": "google_service_account",
      "name": "k8s",
      "provider": "provider.google",
      "instances": [
        {
          "schema_version": 0,
          "attributes": {
            "account_id": "k8s-service-account",
            "description": "",
            "display_name": "Service Account for the Kubernetes Cluster",
            "email": "k8s-service-account@pet-app-308310.iam.gserviceaccount.com",
            "id": "projects/pet-app-308310/serviceAccounts/k8s-service-account@pet-app-308310.iam.gserviceaccount.com",
            "name": "projects/pet-app-308310/serviceAccounts/k8s-service-account@pet-app-308310.iam.gserviceaccount.com",
            "project": "pet-app-308310",
            "timeouts": null,
            "unique_id": "109207068480138612604"
          }
        }
      ]
    }
  ]
}
